
Microsoft Visual Studio Solution File, Format Version 12.00
# Visual Studio Version 17
VisualStudioVersion = 17.11.35222.181
MinimumVisualStudioVersion = 10.0.40219.1
Project("{9A19103F-16F7-4668-BE54-9A1E7A4F7556}") = "App.Repositories", "Repositories\App.Repositories.csproj", "{CA8676C5-6770-448A-9D54-DF38C202996E}"
EndProject
Project("{9A19103F-16F7-4668-BE54-9A1E7A4F7556}") = "App.Services", "Services\App.Services.csproj", "{80E213B4-DE4E-4BFD-BD82-DCCF39105A9F}"
EndProject
Project("{FAE04EC0-301F-11D3-BF4B-00C04F79EFBC}") = "App.API", "App.API\App.API.csproj", "{C80ACBC3-68BF-4E08-9A39-71F40842D2A0}"
EndProject
Global
	GlobalSection(SolutionConfigurationPlatforms) = preSolution
		Debug|Any CPU = Debug|Any CPU
		Release|Any CPU = Release|Any CPU
	EndGlobalSection
	GlobalSection(ProjectConfigurationPlatforms) = postSolution
		{CA8676C5-6770-448A-9D54-DF38C202996E}.Debug|Any CPU.ActiveCfg = Debug|Any CPU
		{CA8676C5-6770-448A-9D54-DF38C202996E}.Debug|Any CPU.Build.0 = Debug|Any CPU
		{CA8676C5-6770-448A-9D54-DF38C202996E}.Release|Any CPU.ActiveCfg = Release|Any CPU
		{CA8676C5-6770-448A-9D54-DF38C202996E}.Release|Any CPU.Build.0 = Release|Any CPU
		{80E213B4-DE4E-4BFD-BD82-DCCF39105A9F}.Debug|Any CPU.ActiveCfg = Debug|Any CPU
		{80E213B4-DE4E-4BFD-BD82-DCCF39105A9F}.Debug|Any CPU.Build.0 = Debug|Any CPU
		{80E213B4-DE4E-4BFD-BD82-DCCF39105A9F}.Release|Any CPU.ActiveCfg = Release|Any CPU
		{80E213B4-DE4E-4BFD-BD82-DCCF39105A9F}.Release|Any CPU.Build.0 = Release|Any CPU
		{C80ACBC3-68BF-4E08-9A39-71F40842D2A0}.Debug|Any CPU.ActiveCfg = Debug|Any CPU
		{C80ACBC3-68BF-4E08-9A39-71F40842D2A0}.Debug|Any CPU.Build.0 = Debug|Any CPU
		{C80ACBC3-68BF-4E08-9A39-71F40842D2A0}.Release|Any CPU.ActiveCfg = Release|Any CPU
		{C80ACBC3-68BF-4E08-9A39-71F40842D2A0}.Release|Any CPU.Build.0 = Release|Any CPU
	EndGlobalSection
	GlobalSection(SolutionProperties) = preSolution
		HideSolutionNode = FALSE
	EndGlobalSection
	GlobalSection(ExtensibilityGlobals) = postSolution
		SolutionGuid = {3A14EE1E-4AF9-43E4-A075-D0EEF067AC6B}
	EndGlobalSection
EndGlobal
